
Microsoft Visual Studio Solution File, Format Version 12.00
# Visual Studio Version 16
VisualStudioVersion = 16.0.31515.178
MinimumVisualStudioVersion = 10.0.40219.1
Project("{FAE04EC0-301F-11D3-BF4B-00C04F79EFBC}") = "Graphing example", "Graphing example\Graphing example.csproj", "{008F1102-41B8-448C-990E-F1F0EACCC96D}"
EndProject
Global
	GlobalSection(SolutionConfigurationPlatforms) = preSolution
		Debug|Any CPU = Debug|Any CPU
		Release|Any CPU = Release|Any CPU
	EndGlobalSection
	GlobalSection(ProjectConfigurationPlatforms) = postSolution
		{008F1102-41B8-448C-990E-F1F0EACCC96D}.Debug|Any CPU.ActiveCfg = Debug|Any CPU
		{008F1102-41B8-448C-990E-F1F0EACCC96D}.Debug|Any CPU.Build.0 = Debug|Any CPU
		{008F1102-41B8-448C-990E-F1F0EACCC96D}.Release|Any CPU.ActiveCfg = Release|Any CPU
		{008F1102-41B8-448C-990E-F1F0EACCC96D}.Release|Any CPU.Build.0 = Release|Any CPU
	EndGlobalSection
	GlobalSection(SolutionProperties) = preSolution
		HideSolutionNode = FALSE
	EndGlobalSection
	GlobalSection(ExtensibilityGlobals) = postSolution
		SolutionGuid = {C7655D58-D651-4AAD-B5C3-9327ABDF08A3}
	EndGlobalSection
EndGlobal
